
Microsoft Visual Studio Solution File, Format Version 12.00
# Visual Studio Version 17
VisualStudioVersion = 17.8.34525.116
MinimumVisualStudioVersion = 10.0.40219.1
Project("{FAE04EC0-301F-11D3-BF4B-00C04F79EFBC}") = "ConsoleApp2", "ConsoleApp2\ConsoleApp2.csproj", "{BA3C4228-F822-4559-B14C-A3C5BAE639E5}"
EndProject
Global
	GlobalSection(SolutionConfigurationPlatforms) = preSolution
		Debug|Any CPU = Debug|Any CPU
		Release|Any CPU = Release|Any CPU
	EndGlobalSection
	GlobalSection(ProjectConfigurationPlatforms) = postSolution
		{BA3C4228-F822-4559-B14C-A3C5BAE639E5}.Debug|Any CPU.ActiveCfg = Debug|Any CPU
		{BA3C4228-F822-4559-B14C-A3C5BAE639E5}.Debug|Any CPU.Build.0 = Debug|Any CPU
		{BA3C4228-F822-4559-B14C-A3C5BAE639E5}.Release|Any CPU.ActiveCfg = Release|Any CPU
		{BA3C4228-F822-4559-B14C-A3C5BAE639E5}.Release|Any CPU.Build.0 = Release|Any CPU
	EndGlobalSection
	GlobalSection(SolutionProperties) = preSolution
		HideSolutionNode = FALSE
	EndGlobalSection
	GlobalSection(ExtensibilityGlobals) = postSolution
		SolutionGuid = {CF06AFB8-CB3C-4ADB-A937-4BA69C40D6F2}
	EndGlobalSection
EndGlobal
