
Microsoft Visual Studio Solution File, Format Version 12.00
# Visual Studio Version 17
VisualStudioVersion = 17.8.34525.116
MinimumVisualStudioVersion = 10.0.40219.1
Project("{FAE04EC0-301F-11D3-BF4B-00C04F79EFBC}") = "SQLConnection", "SQLConnection\SQLConnection.csproj", "{F046A270-FAEB-42B0-B93D-4DDCBA0CB5BE}"
EndProject
Global
	GlobalSection(SolutionConfigurationPlatforms) = preSolution
		Debug|Any CPU = Debug|Any CPU
		Release|Any CPU = Release|Any CPU
	EndGlobalSection
	GlobalSection(ProjectConfigurationPlatforms) = postSolution
		{F046A270-FAEB-42B0-B93D-4DDCBA0CB5BE}.Debug|Any CPU.ActiveCfg = Debug|Any CPU
		{F046A270-FAEB-42B0-B93D-4DDCBA0CB5BE}.Debug|Any CPU.Build.0 = Debug|Any CPU
		{F046A270-FAEB-42B0-B93D-4DDCBA0CB5BE}.Release|Any CPU.ActiveCfg = Release|Any CPU
		{F046A270-FAEB-42B0-B93D-4DDCBA0CB5BE}.Release|Any CPU.Build.0 = Release|Any CPU
	EndGlobalSection
	GlobalSection(SolutionProperties) = preSolution
		HideSolutionNode = FALSE
	EndGlobalSection
	GlobalSection(ExtensibilityGlobals) = postSolution
		SolutionGuid = {F13C514F-2216-4AB5-9537-F23D7702C6FA}
	EndGlobalSection
EndGlobal
